
Microsoft Visual Studio Solution File, Format Version 12.00
# Visual Studio Version 17
VisualStudioVersion = 17.14.36127.28
MinimumVisualStudioVersion = 10.0.40219.1
Project("{8BC9CEB8-8B4A-11D0-8D11-00A0C91BC942}") = "qlogicae", "qlogicae\qlogicae.vcxproj", "{3C8B3E29-53C2-40B3-8836-EF190B1013E4}"
EndProject
Project("{8BC9CEB8-8B4A-11D0-8D11-00A0C91BC942}") = "qlogicae_core", "..\qlogicae_core\qlogicae_core\qlogicae_core.vcxproj", "{07F44EB2-776B-4BB0-B462-589523A3D3F3}"
EndProject
Project("{8BC9CEB8-8B4A-11D0-8D11-00A0C91BC942}") = "qlogicae_plotica", "..\qlogicae_plotica\qlogicae_plotica\qlogicae_plotica.vcxproj", "{BD70CBB4-BA38-4F14-AA9A-8C501C946245}"
	ProjectSection(ProjectDependencies) = postProject
		{07F44EB2-776B-4BB0-B462-589523A3D3F3} = {07F44EB2-776B-4BB0-B462-589523A3D3F3}
	EndProjectSection
EndProject
Project("{FAE04EC0-301F-11D3-BF4B-00C04F79EFBC}") = "qlogicae_opera", "qlogicae_opera\qlogicae_opera.csproj", "{B6230EE6-51B3-42DF-8366-075E37BDC097}"
EndProject
Project("{8BC9CEB8-8B4A-11D0-8D11-00A0C91BC942}") = "qlogicae_vs2022_console", "qlogicae_vs2022_console\qlogicae_vs2022_console.vcxproj", "{E39FB9D3-B3E4-4041-B22B-F1A3F473DB14}"
	ProjectSection(ProjectDependencies) = postProject
		{07F44EB2-776B-4BB0-B462-589523A3D3F3} = {07F44EB2-776B-4BB0-B462-589523A3D3F3}
	EndProjectSection
EndProject
Project("{8BC9CEB8-8B4A-11D0-8D11-00A0C91BC942}") = "qlogicae_vs2022_google_test", "qlogicae_vs2022_google_test\qlogicae_vs2022_google_test.vcxproj", "{40CDA220-F715-46D1-8280-A37F02212053}"
	ProjectSection(ProjectDependencies) = postProject
		{07F44EB2-776B-4BB0-B462-589523A3D3F3} = {07F44EB2-776B-4BB0-B462-589523A3D3F3}
	EndProjectSection
EndProject
Project("{8BC9CEB8-8B4A-11D0-8D11-00A0C91BC942}") = "qlogicae_vs2022_sandbox", "qlogicae_vs2022_sandbox\qlogicae_vs2022_sandbox.vcxproj", "{7C5CA3C8-D362-4C9C-BC6C-40426F6CF446}"
	ProjectSection(ProjectDependencies) = postProject
		{07F44EB2-776B-4BB0-B462-589523A3D3F3} = {07F44EB2-776B-4BB0-B462-589523A3D3F3}
	EndProjectSection
EndProject
Project("{8BC9CEB8-8B4A-11D0-8D11-00A0C91BC942}") = "qlogicae_vs2022_static_library", "qlogicae_vs2022_static_library\qlogicae_vs2022_static_library.vcxproj", "{44DA86C5-4612-45CC-B2B8-6CCD143B51FD}"
	ProjectSection(ProjectDependencies) = postProject
		{07F44EB2-776B-4BB0-B462-589523A3D3F3} = {07F44EB2-776B-4BB0-B462-589523A3D3F3}
	EndProjectSection
EndProject
Project("{8BC9CEB8-8B4A-11D0-8D11-00A0C91BC942}") = "qlogicae_vs2022_application", "qlogicae_vs2022_application\qlogicae_vs2022_application.vcxproj", "{F042B00A-C0C7-4E31-AD18-93FC7C4D5502}"
EndProject
Project("{8BC9CEB8-8B4A-11D0-8D11-00A0C91BC942}") = "qlogicae_vs2022_empty", "qlogicae_vs2022_empty\qlogicae_vs2022_empty.vcxproj", "{67C98A82-C5CC-4CEE-A7EC-CA3773778B75}"
EndProject
Project("{8BC9CEB8-8B4A-11D0-8D11-00A0C91BC942}") = "qlogicae_vs2022_nanobench_benchmark", "qlogicae_vs2022_nanobench_benchmark\qlogicae_vs2022_nanobench_benchmark.vcxproj", "{D6698836-46EE-4A77-8BEF-70D4FBBC1BA6}"
EndProject
Project("{8BC9CEB8-8B4A-11D0-8D11-00A0C91BC942}") = "qlogicae_vs2022_plotica_benchmark", "qlogicae_vs2022_plotica_benchmark\qlogicae_vs2022_plotica_benchmark.vcxproj", "{074102E4-886E-46DF-A2AE-76C98C3E3BF8}"
	ProjectSection(ProjectDependencies) = postProject
		{07F44EB2-776B-4BB0-B462-589523A3D3F3} = {07F44EB2-776B-4BB0-B462-589523A3D3F3}
		{BD70CBB4-BA38-4F14-AA9A-8C501C946245} = {BD70CBB4-BA38-4F14-AA9A-8C501C946245}
	EndProjectSection
EndProject
Project("{8BC9CEB8-8B4A-11D0-8D11-00A0C91BC942}") = "qlogicae_vs2022_dynamically_linked_library", "qlogicae_vs2022_dynamically_linked_library\qlogicae_vs2022_dynamically_linked_library.vcxproj", "{0B2FB70F-432B-41C4-AE55-139576AB62F0}"
EndProject
Project("{8BC9CEB8-8B4A-11D0-8D11-00A0C91BC942}") = "qlogicae_vs2022_qt_desktop", "qlogicae_vs2022_qt_desktop\qlogicae_vs2022_qt_desktop.vcxproj", "{C561626D-0FBE-4F1A-B492-75F47EFA1EFF}"
	ProjectSection(ProjectDependencies) = postProject
		{07F44EB2-776B-4BB0-B462-589523A3D3F3} = {07F44EB2-776B-4BB0-B462-589523A3D3F3}
	EndProjectSection
EndProject
Project("{8BC9CEB8-8B4A-11D0-8D11-00A0C91BC942}") = "qlogicae_rulex", "..\qlogicae_rulex\qlogicae_rulex\qlogicae_rulex.vcxproj", "{C9056C66-2232-4AAB-A8A1-820A24DC1937}"
EndProject
Project("{8BC9CEB8-8B4A-11D0-8D11-00A0C91BC942}") = "qlogicae_vs2022_qt_static_library", "qlogicae_vs2022_qt_static_library\qlogicae_vs2022_qt_static_library.vcxproj", "{9921C369-B2F6-4F6F-9061-130ED9D0E4DE}"
	ProjectSection(ProjectDependencies) = postProject
		{07F44EB2-776B-4BB0-B462-589523A3D3F3} = {07F44EB2-776B-4BB0-B462-589523A3D3F3}
	EndProjectSection
EndProject
Global
	GlobalSection(SolutionConfigurationPlatforms) = preSolution
		Debug|Any CPU = Debug|Any CPU
		Debug|arm64 = Debug|arm64
		Debug|x64 = Debug|x64
		Debug|x86 = Debug|x86
		Release|Any CPU = Release|Any CPU
		Release|arm64 = Release|arm64
		Release|x64 = Release|x64
		Release|x86 = Release|x86
	EndGlobalSection
	GlobalSection(ProjectConfigurationPlatforms) = postSolution
		{3C8B3E29-53C2-40B3-8836-EF190B1013E4}.Debug|Any CPU.ActiveCfg = Debug|x64
		{3C8B3E29-53C2-40B3-8836-EF190B1013E4}.Debug|Any CPU.Build.0 = Debug|x64
		{3C8B3E29-53C2-40B3-8836-EF190B1013E4}.Debug|arm64.ActiveCfg = Debug|x64
		{3C8B3E29-53C2-40B3-8836-EF190B1013E4}.Debug|arm64.Build.0 = Debug|x64
		{3C8B3E29-53C2-40B3-8836-EF190B1013E4}.Debug|x64.ActiveCfg = Debug|x64
		{3C8B3E29-53C2-40B3-8836-EF190B1013E4}.Debug|x64.Build.0 = Debug|x64
		{3C8B3E29-53C2-40B3-8836-EF190B1013E4}.Debug|x86.ActiveCfg = Debug|Win32
		{3C8B3E29-53C2-40B3-8836-EF190B1013E4}.Debug|x86.Build.0 = Debug|Win32
		{3C8B3E29-53C2-40B3-8836-EF190B1013E4}.Release|Any CPU.ActiveCfg = Release|x64
		{3C8B3E29-53C2-40B3-8836-EF190B1013E4}.Release|Any CPU.Build.0 = Release|x64
		{3C8B3E29-53C2-40B3-8836-EF190B1013E4}.Release|arm64.ActiveCfg = Release|x64
		{3C8B3E29-53C2-40B3-8836-EF190B1013E4}.Release|arm64.Build.0 = Release|x64
		{3C8B3E29-53C2-40B3-8836-EF190B1013E4}.Release|x64.ActiveCfg = Release|x64
		{3C8B3E29-53C2-40B3-8836-EF190B1013E4}.Release|x64.Build.0 = Release|x64
		{3C8B3E29-53C2-40B3-8836-EF190B1013E4}.Release|x86.ActiveCfg = Release|Win32
		{3C8B3E29-53C2-40B3-8836-EF190B1013E4}.Release|x86.Build.0 = Release|Win32
		{07F44EB2-776B-4BB0-B462-589523A3D3F3}.Debug|Any CPU.ActiveCfg = Debug|x64
		{07F44EB2-776B-4BB0-B462-589523A3D3F3}.Debug|Any CPU.Build.0 = Debug|x64
		{07F44EB2-776B-4BB0-B462-589523A3D3F3}.Debug|arm64.ActiveCfg = Debug|x64
		{07F44EB2-776B-4BB0-B462-589523A3D3F3}.Debug|arm64.Build.0 = Debug|x64
		{07F44EB2-776B-4BB0-B462-589523A3D3F3}.Debug|x64.ActiveCfg = Debug|x64
		{07F44EB2-776B-4BB0-B462-589523A3D3F3}.Debug|x64.Build.0 = Debug|x64
		{07F44EB2-776B-4BB0-B462-589523A3D3F3}.Debug|x86.ActiveCfg = Debug|Win32
		{07F44EB2-776B-4BB0-B462-589523A3D3F3}.Debug|x86.Build.0 = Debug|Win32
		{07F44EB2-776B-4BB0-B462-589523A3D3F3}.Release|Any CPU.ActiveCfg = Release|x64
		{07F44EB2-776B-4BB0-B462-589523A3D3F3}.Release|Any CPU.Build.0 = Release|x64
		{07F44EB2-776B-4BB0-B462-589523A3D3F3}.Release|arm64.ActiveCfg = Release|x64
		{07F44EB2-776B-4BB0-B462-589523A3D3F3}.Release|arm64.Build.0 = Release|x64
		{07F44EB2-776B-4BB0-B462-589523A3D3F3}.Release|x64.ActiveCfg = Release|x64
		{07F44EB2-776B-4BB0-B462-589523A3D3F3}.Release|x64.Build.0 = Release|x64
		{07F44EB2-776B-4BB0-B462-589523A3D3F3}.Release|x86.ActiveCfg = Release|Win32
		{07F44EB2-776B-4BB0-B462-589523A3D3F3}.Release|x86.Build.0 = Release|Win32
		{BD70CBB4-BA38-4F14-AA9A-8C501C946245}.Debug|Any CPU.ActiveCfg = Debug|x64
		{BD70CBB4-BA38-4F14-AA9A-8C501C946245}.Debug|Any CPU.Build.0 = Debug|x64
		{BD70CBB4-BA38-4F14-AA9A-8C501C946245}.Debug|arm64.ActiveCfg = Debug|x64
		{BD70CBB4-BA38-4F14-AA9A-8C501C946245}.Debug|arm64.Build.0 = Debug|x64
		{BD70CBB4-BA38-4F14-AA9A-8C501C946245}.Debug|x64.ActiveCfg = Debug|x64
		{BD70CBB4-BA38-4F14-AA9A-8C501C946245}.Debug|x64.Build.0 = Debug|x64
		{BD70CBB4-BA38-4F14-AA9A-8C501C946245}.Debug|x86.ActiveCfg = Debug|Win32
		{BD70CBB4-BA38-4F14-AA9A-8C501C946245}.Debug|x86.Build.0 = Debug|Win32
		{BD70CBB4-BA38-4F14-AA9A-8C501C946245}.Release|Any CPU.ActiveCfg = Release|x64
		{BD70CBB4-BA38-4F14-AA9A-8C501C946245}.Release|Any CPU.Build.0 = Release|x64
		{BD70CBB4-BA38-4F14-AA9A-8C501C946245}.Release|arm64.ActiveCfg = Release|x64
		{BD70CBB4-BA38-4F14-AA9A-8C501C946245}.Release|arm64.Build.0 = Release|x64
		{BD70CBB4-BA38-4F14-AA9A-8C501C946245}.Release|x64.ActiveCfg = Release|x64
		{BD70CBB4-BA38-4F14-AA9A-8C501C946245}.Release|x64.Build.0 = Release|x64
		{BD70CBB4-BA38-4F14-AA9A-8C501C946245}.Release|x86.ActiveCfg = Release|Win32
		{BD70CBB4-BA38-4F14-AA9A-8C501C946245}.Release|x86.Build.0 = Release|Win32
		{B6230EE6-51B3-42DF-8366-075E37BDC097}.Debug|Any CPU.ActiveCfg = Debug|Any CPU
		{B6230EE6-51B3-42DF-8366-075E37BDC097}.Debug|Any CPU.Build.0 = Debug|Any CPU
		{B6230EE6-51B3-42DF-8366-075E37BDC097}.Debug|arm64.ActiveCfg = Debug|arm64
		{B6230EE6-51B3-42DF-8366-075E37BDC097}.Debug|arm64.Build.0 = Debug|arm64
		{B6230EE6-51B3-42DF-8366-075E37BDC097}.Debug|x64.ActiveCfg = Debug|Any CPU
		{B6230EE6-51B3-42DF-8366-075E37BDC097}.Debug|x64.Build.0 = Debug|Any CPU
		{B6230EE6-51B3-42DF-8366-075E37BDC097}.Debug|x86.ActiveCfg = Debug|x86
		{B6230EE6-51B3-42DF-8366-075E37BDC097}.Debug|x86.Build.0 = Debug|x86
		{B6230EE6-51B3-42DF-8366-075E37BDC097}.Release|Any CPU.ActiveCfg = Release|Any CPU
		{B6230EE6-51B3-42DF-8366-075E37BDC097}.Release|Any CPU.Build.0 = Release|Any CPU
		{B6230EE6-51B3-42DF-8366-075E37BDC097}.Release|arm64.ActiveCfg = Release|arm64
		{B6230EE6-51B3-42DF-8366-075E37BDC097}.Release|arm64.Build.0 = Release|arm64
		{B6230EE6-51B3-42DF-8366-075E37BDC097}.Release|x64.ActiveCfg = Release|Any CPU
		{B6230EE6-51B3-42DF-8366-075E37BDC097}.Release|x64.Build.0 = Release|Any CPU
		{B6230EE6-51B3-42DF-8366-075E37BDC097}.Release|x86.ActiveCfg = Release|x86
		{B6230EE6-51B3-42DF-8366-075E37BDC097}.Release|x86.Build.0 = Release|x86
		{E39FB9D3-B3E4-4041-B22B-F1A3F473DB14}.Debug|Any CPU.ActiveCfg = Debug|x64
		{E39FB9D3-B3E4-4041-B22B-F1A3F473DB14}.Debug|Any CPU.Build.0 = Debug|x64
		{E39FB9D3-B3E4-4041-B22B-F1A3F473DB14}.Debug|arm64.ActiveCfg = Debug|x64
		{E39FB9D3-B3E4-4041-B22B-F1A3F473DB14}.Debug|arm64.Build.0 = Debug|x64
		{E39FB9D3-B3E4-4041-B22B-F1A3F473DB14}.Debug|x64.ActiveCfg = Debug|x64
		{E39FB9D3-B3E4-4041-B22B-F1A3F473DB14}.Debug|x64.Build.0 = Debug|x64
		{E39FB9D3-B3E4-4041-B22B-F1A3F473DB14}.Debug|x86.ActiveCfg = Debug|Win32
		{E39FB9D3-B3E4-4041-B22B-F1A3F473DB14}.Debug|x86.Build.0 = Debug|Win32
		{E39FB9D3-B3E4-4041-B22B-F1A3F473DB14}.Release|Any CPU.ActiveCfg = Release|x64
		{E39FB9D3-B3E4-4041-B22B-F1A3F473DB14}.Release|Any CPU.Build.0 = Release|x64
		{E39FB9D3-B3E4-4041-B22B-F1A3F473DB14}.Release|arm64.ActiveCfg = Release|x64
		{E39FB9D3-B3E4-4041-B22B-F1A3F473DB14}.Release|arm64.Build.0 = Release|x64
		{E39FB9D3-B3E4-4041-B22B-F1A3F473DB14}.Release|x64.ActiveCfg = Release|x64
		{E39FB9D3-B3E4-4041-B22B-F1A3F473DB14}.Release|x64.Build.0 = Release|x64
		{E39FB9D3-B3E4-4041-B22B-F1A3F473DB14}.Release|x86.ActiveCfg = Release|Win32
		{E39FB9D3-B3E4-4041-B22B-F1A3F473DB14}.Release|x86.Build.0 = Release|Win32
		{40CDA220-F715-46D1-8280-A37F02212053}.Debug|Any CPU.ActiveCfg = Debug|x64
		{40CDA220-F715-46D1-8280-A37F02212053}.Debug|Any CPU.Build.0 = Debug|x64
		{40CDA220-F715-46D1-8280-A37F02212053}.Debug|arm64.ActiveCfg = Debug|x64
		{40CDA220-F715-46D1-8280-A37F02212053}.Debug|arm64.Build.0 = Debug|x64
		{40CDA220-F715-46D1-8280-A37F02212053}.Debug|x64.ActiveCfg = Debug|x64
		{40CDA220-F715-46D1-8280-A37F02212053}.Debug|x64.Build.0 = Debug|x64
		{40CDA220-F715-46D1-8280-A37F02212053}.Debug|x86.ActiveCfg = Debug|Win32
		{40CDA220-F715-46D1-8280-A37F02212053}.Debug|x86.Build.0 = Debug|Win32
		{40CDA220-F715-46D1-8280-A37F02212053}.Release|Any CPU.ActiveCfg = Release|x64
		{40CDA220-F715-46D1-8280-A37F02212053}.Release|Any CPU.Build.0 = Release|x64
		{40CDA220-F715-46D1-8280-A37F02212053}.Release|arm64.ActiveCfg = Release|x64
		{40CDA220-F715-46D1-8280-A37F02212053}.Release|arm64.Build.0 = Release|x64
		{40CDA220-F715-46D1-8280-A37F02212053}.Release|x64.ActiveCfg = Release|x64
		{40CDA220-F715-46D1-8280-A37F02212053}.Release|x64.Build.0 = Release|x64
		{40CDA220-F715-46D1-8280-A37F02212053}.Release|x86.ActiveCfg = Release|Win32
		{40CDA220-F715-46D1-8280-A37F02212053}.Release|x86.Build.0 = Release|Win32
		{7C5CA3C8-D362-4C9C-BC6C-40426F6CF446}.Debug|Any CPU.ActiveCfg = Debug|x64
		{7C5CA3C8-D362-4C9C-BC6C-40426F6CF446}.Debug|Any CPU.Build.0 = Debug|x64
		{7C5CA3C8-D362-4C9C-BC6C-40426F6CF446}.Debug|arm64.ActiveCfg = Debug|x64
		{7C5CA3C8-D362-4C9C-BC6C-40426F6CF446}.Debug|arm64.Build.0 = Debug|x64
		{7C5CA3C8-D362-4C9C-BC6C-40426F6CF446}.Debug|x64.ActiveCfg = Debug|x64
		{7C5CA3C8-D362-4C9C-BC6C-40426F6CF446}.Debug|x64.Build.0 = Debug|x64
		{7C5CA3C8-D362-4C9C-BC6C-40426F6CF446}.Debug|x86.ActiveCfg = Debug|Win32
		{7C5CA3C8-D362-4C9C-BC6C-40426F6CF446}.Debug|x86.Build.0 = Debug|Win32
		{7C5CA3C8-D362-4C9C-BC6C-40426F6CF446}.Release|Any CPU.ActiveCfg = Release|x64
		{7C5CA3C8-D362-4C9C-BC6C-40426F6CF446}.Release|Any CPU.Build.0 = Release|x64
		{7C5CA3C8-D362-4C9C-BC6C-40426F6CF446}.Release|arm64.ActiveCfg = Release|x64
		{7C5CA3C8-D362-4C9C-BC6C-40426F6CF446}.Release|arm64.Build.0 = Release|x64
		{7C5CA3C8-D362-4C9C-BC6C-40426F6CF446}.Release|x64.ActiveCfg = Release|x64
		{7C5CA3C8-D362-4C9C-BC6C-40426F6CF446}.Release|x64.Build.0 = Release|x64
		{7C5CA3C8-D362-4C9C-BC6C-40426F6CF446}.Release|x86.ActiveCfg = Release|Win32
		{7C5CA3C8-D362-4C9C-BC6C-40426F6CF446}.Release|x86.Build.0 = Release|Win32
		{44DA86C5-4612-45CC-B2B8-6CCD143B51FD}.Debug|Any CPU.ActiveCfg = Debug|x64
		{44DA86C5-4612-45CC-B2B8-6CCD143B51FD}.Debug|Any CPU.Build.0 = Debug|x64
		{44DA86C5-4612-45CC-B2B8-6CCD143B51FD}.Debug|arm64.ActiveCfg = Debug|x64
		{44DA86C5-4612-45CC-B2B8-6CCD143B51FD}.Debug|arm64.Build.0 = Debug|x64
		{44DA86C5-4612-45CC-B2B8-6CCD143B51FD}.Debug|x64.ActiveCfg = Debug|x64
		{44DA86C5-4612-45CC-B2B8-6CCD143B51FD}.Debug|x64.Build.0 = Debug|x64
		{44DA86C5-4612-45CC-B2B8-6CCD143B51FD}.Debug|x86.ActiveCfg = Debug|Win32
		{44DA86C5-4612-45CC-B2B8-6CCD143B51FD}.Debug|x86.Build.0 = Debug|Win32
		{44DA86C5-4612-45CC-B2B8-6CCD143B51FD}.Release|Any CPU.ActiveCfg = Release|x64
		{44DA86C5-4612-45CC-B2B8-6CCD143B51FD}.Release|Any CPU.Build.0 = Release|x64
		{44DA86C5-4612-45CC-B2B8-6CCD143B51FD}.Release|arm64.ActiveCfg = Release|x64
		{44DA86C5-4612-45CC-B2B8-6CCD143B51FD}.Release|arm64.Build.0 = Release|x64
		{44DA86C5-4612-45CC-B2B8-6CCD143B51FD}.Release|x64.ActiveCfg = Release|x64
		{44DA86C5-4612-45CC-B2B8-6CCD143B51FD}.Release|x64.Build.0 = Release|x64
		{44DA86C5-4612-45CC-B2B8-6CCD143B51FD}.Release|x86.ActiveCfg = Release|Win32
		{44DA86C5-4612-45CC-B2B8-6CCD143B51FD}.Release|x86.Build.0 = Release|Win32
		{F042B00A-C0C7-4E31-AD18-93FC7C4D5502}.Debug|Any CPU.ActiveCfg = Debug|x64
		{F042B00A-C0C7-4E31-AD18-93FC7C4D5502}.Debug|Any CPU.Build.0 = Debug|x64
		{F042B00A-C0C7-4E31-AD18-93FC7C4D5502}.Debug|arm64.ActiveCfg = Debug|x64
		{F042B00A-C0C7-4E31-AD18-93FC7C4D5502}.Debug|arm64.Build.0 = Debug|x64
		{F042B00A-C0C7-4E31-AD18-93FC7C4D5502}.Debug|x64.ActiveCfg = Debug|x64
		{F042B00A-C0C7-4E31-AD18-93FC7C4D5502}.Debug|x64.Build.0 = Debug|x64
		{F042B00A-C0C7-4E31-AD18-93FC7C4D5502}.Debug|x86.ActiveCfg = Debug|Win32
		{F042B00A-C0C7-4E31-AD18-93FC7C4D5502}.Debug|x86.Build.0 = Debug|Win32
		{F042B00A-C0C7-4E31-AD18-93FC7C4D5502}.Release|Any CPU.ActiveCfg = Release|x64
		{F042B00A-C0C7-4E31-AD18-93FC7C4D5502}.Release|Any CPU.Build.0 = Release|x64
		{F042B00A-C0C7-4E31-AD18-93FC7C4D5502}.Release|arm64.ActiveCfg = Release|x64
		{F042B00A-C0C7-4E31-AD18-93FC7C4D5502}.Release|arm64.Build.0 = Release|x64
		{F042B00A-C0C7-4E31-AD18-93FC7C4D5502}.Release|x64.ActiveCfg = Release|x64
		{F042B00A-C0C7-4E31-AD18-93FC7C4D5502}.Release|x64.Build.0 = Release|x64
		{F042B00A-C0C7-4E31-AD18-93FC7C4D5502}.Release|x86.ActiveCfg = Release|Win32
		{F042B00A-C0C7-4E31-AD18-93FC7C4D5502}.Release|x86.Build.0 = Release|Win32
		{67C98A82-C5CC-4CEE-A7EC-CA3773778B75}.Debug|Any CPU.ActiveCfg = Debug|x64
		{67C98A82-C5CC-4CEE-A7EC-CA3773778B75}.Debug|Any CPU.Build.0 = Debug|x64
		{67C98A82-C5CC-4CEE-A7EC-CA3773778B75}.Debug|arm64.ActiveCfg = Debug|x64
		{67C98A82-C5CC-4CEE-A7EC-CA3773778B75}.Debug|arm64.Build.0 = Debug|x64
		{67C98A82-C5CC-4CEE-A7EC-CA3773778B75}.Debug|x64.ActiveCfg = Debug|x64
		{67C98A82-C5CC-4CEE-A7EC-CA3773778B75}.Debug|x64.Build.0 = Debug|x64
		{67C98A82-C5CC-4CEE-A7EC-CA3773778B75}.Debug|x86.ActiveCfg = Debug|Win32
		{67C98A82-C5CC-4CEE-A7EC-CA3773778B75}.Debug|x86.Build.0 = Debug|Win32
		{67C98A82-C5CC-4CEE-A7EC-CA3773778B75}.Release|Any CPU.ActiveCfg = Release|x64
		{67C98A82-C5CC-4CEE-A7EC-CA3773778B75}.Release|Any CPU.Build.0 = Release|x64
		{67C98A82-C5CC-4CEE-A7EC-CA3773778B75}.Release|arm64.ActiveCfg = Release|x64
		{67C98A82-C5CC-4CEE-A7EC-CA3773778B75}.Release|arm64.Build.0 = Release|x64
		{67C98A82-C5CC-4CEE-A7EC-CA3773778B75}.Release|x64.ActiveCfg = Release|x64
		{67C98A82-C5CC-4CEE-A7EC-CA3773778B75}.Release|x64.Build.0 = Release|x64
		{67C98A82-C5CC-4CEE-A7EC-CA3773778B75}.Release|x86.ActiveCfg = Release|Win32
		{67C98A82-C5CC-4CEE-A7EC-CA3773778B75}.Release|x86.Build.0 = Release|Win32
		{D6698836-46EE-4A77-8BEF-70D4FBBC1BA6}.Debug|Any CPU.ActiveCfg = Debug|x64
		{D6698836-46EE-4A77-8BEF-70D4FBBC1BA6}.Debug|Any CPU.Build.0 = Debug|x64
		{D6698836-46EE-4A77-8BEF-70D4FBBC1BA6}.Debug|arm64.ActiveCfg = Debug|x64
		{D6698836-46EE-4A77-8BEF-70D4FBBC1BA6}.Debug|arm64.Build.0 = Debug|x64
		{D6698836-46EE-4A77-8BEF-70D4FBBC1BA6}.Debug|x64.ActiveCfg = Debug|x64
		{D6698836-46EE-4A77-8BEF-70D4FBBC1BA6}.Debug|x64.Build.0 = Debug|x64
		{D6698836-46EE-4A77-8BEF-70D4FBBC1BA6}.Debug|x86.ActiveCfg = Debug|Win32
		{D6698836-46EE-4A77-8BEF-70D4FBBC1BA6}.Debug|x86.Build.0 = Debug|Win32
		{D6698836-46EE-4A77-8BEF-70D4FBBC1BA6}.Release|Any CPU.ActiveCfg = Release|x64
		{D6698836-46EE-4A77-8BEF-70D4FBBC1BA6}.Release|Any CPU.Build.0 = Release|x64
		{D6698836-46EE-4A77-8BEF-70D4FBBC1BA6}.Release|arm64.ActiveCfg = Release|x64
		{D6698836-46EE-4A77-8BEF-70D4FBBC1BA6}.Release|arm64.Build.0 = Release|x64
		{D6698836-46EE-4A77-8BEF-70D4FBBC1BA6}.Release|x64.ActiveCfg = Release|x64
		{D6698836-46EE-4A77-8BEF-70D4FBBC1BA6}.Release|x64.Build.0 = Release|x64
		{D6698836-46EE-4A77-8BEF-70D4FBBC1BA6}.Release|x86.ActiveCfg = Release|Win32
		{D6698836-46EE-4A77-8BEF-70D4FBBC1BA6}.Release|x86.Build.0 = Release|Win32
		{074102E4-886E-46DF-A2AE-76C98C3E3BF8}.Debug|Any CPU.ActiveCfg = Debug|x64
		{074102E4-886E-46DF-A2AE-76C98C3E3BF8}.Debug|Any CPU.Build.0 = Debug|x64
		{074102E4-886E-46DF-A2AE-76C98C3E3BF8}.Debug|arm64.ActiveCfg = Debug|x64
		{074102E4-886E-46DF-A2AE-76C98C3E3BF8}.Debug|arm64.Build.0 = Debug|x64
		{074102E4-886E-46DF-A2AE-76C98C3E3BF8}.Debug|x64.ActiveCfg = Debug|x64
		{074102E4-886E-46DF-A2AE-76C98C3E3BF8}.Debug|x64.Build.0 = Debug|x64
		{074102E4-886E-46DF-A2AE-76C98C3E3BF8}.Debug|x86.ActiveCfg = Debug|Win32
		{074102E4-886E-46DF-A2AE-76C98C3E3BF8}.Debug|x86.Build.0 = Debug|Win32
		{074102E4-886E-46DF-A2AE-76C98C3E3BF8}.Release|Any CPU.ActiveCfg = Release|x64
		{074102E4-886E-46DF-A2AE-76C98C3E3BF8}.Release|Any CPU.Build.0 = Release|x64
		{074102E4-886E-46DF-A2AE-76C98C3E3BF8}.Release|arm64.ActiveCfg = Release|x64
		{074102E4-886E-46DF-A2AE-76C98C3E3BF8}.Release|arm64.Build.0 = Release|x64
		{074102E4-886E-46DF-A2AE-76C98C3E3BF8}.Release|x64.ActiveCfg = Release|x64
		{074102E4-886E-46DF-A2AE-76C98C3E3BF8}.Release|x64.Build.0 = Release|x64
		{074102E4-886E-46DF-A2AE-76C98C3E3BF8}.Release|x86.ActiveCfg = Release|Win32
		{074102E4-886E-46DF-A2AE-76C98C3E3BF8}.Release|x86.Build.0 = Release|Win32
		{0B2FB70F-432B-41C4-AE55-139576AB62F0}.Debug|Any CPU.ActiveCfg = Debug|x64
		{0B2FB70F-432B-41C4-AE55-139576AB62F0}.Debug|Any CPU.Build.0 = Debug|x64
		{0B2FB70F-432B-41C4-AE55-139576AB62F0}.Debug|arm64.ActiveCfg = Debug|x64
		{0B2FB70F-432B-41C4-AE55-139576AB62F0}.Debug|arm64.Build.0 = Debug|x64
		{0B2FB70F-432B-41C4-AE55-139576AB62F0}.Debug|x64.ActiveCfg = Debug|x64
		{0B2FB70F-432B-41C4-AE55-139576AB62F0}.Debug|x64.Build.0 = Debug|x64
		{0B2FB70F-432B-41C4-AE55-139576AB62F0}.Debug|x86.ActiveCfg = Debug|Win32
		{0B2FB70F-432B-41C4-AE55-139576AB62F0}.Debug|x86.Build.0 = Debug|Win32
		{0B2FB70F-432B-41C4-AE55-139576AB62F0}.Release|Any CPU.ActiveCfg = Release|x64
		{0B2FB70F-432B-41C4-AE55-139576AB62F0}.Release|Any CPU.Build.0 = Release|x64
		{0B2FB70F-432B-41C4-AE55-139576AB62F0}.Release|arm64.ActiveCfg = Release|x64
		{0B2FB70F-432B-41C4-AE55-139576AB62F0}.Release|arm64.Build.0 = Release|x64
		{0B2FB70F-432B-41C4-AE55-139576AB62F0}.Release|x64.ActiveCfg = Release|x64
		{0B2FB70F-432B-41C4-AE55-139576AB62F0}.Release|x64.Build.0 = Release|x64
		{0B2FB70F-432B-41C4-AE55-139576AB62F0}.Release|x86.ActiveCfg = Release|Win32
		{0B2FB70F-432B-41C4-AE55-139576AB62F0}.Release|x86.Build.0 = Release|Win32
		{C561626D-0FBE-4F1A-B492-75F47EFA1EFF}.Debug|Any CPU.ActiveCfg = Debug|x64
		{C561626D-0FBE-4F1A-B492-75F47EFA1EFF}.Debug|Any CPU.Build.0 = Debug|x64
		{C561626D-0FBE-4F1A-B492-75F47EFA1EFF}.Debug|arm64.ActiveCfg = Debug|x64
		{C561626D-0FBE-4F1A-B492-75F47EFA1EFF}.Debug|arm64.Build.0 = Debug|x64
		{C561626D-0FBE-4F1A-B492-75F47EFA1EFF}.Debug|x64.ActiveCfg = Debug|x64
		{C561626D-0FBE-4F1A-B492-75F47EFA1EFF}.Debug|x64.Build.0 = Debug|x64
		{C561626D-0FBE-4F1A-B492-75F47EFA1EFF}.Debug|x86.ActiveCfg = Debug|x64
		{C561626D-0FBE-4F1A-B492-75F47EFA1EFF}.Debug|x86.Build.0 = Debug|x64
		{C561626D-0FBE-4F1A-B492-75F47EFA1EFF}.Release|Any CPU.ActiveCfg = Release|x64
		{C561626D-0FBE-4F1A-B492-75F47EFA1EFF}.Release|Any CPU.Build.0 = Release|x64
		{C561626D-0FBE-4F1A-B492-75F47EFA1EFF}.Release|arm64.ActiveCfg = Release|x64
		{C561626D-0FBE-4F1A-B492-75F47EFA1EFF}.Release|arm64.Build.0 = Release|x64
		{C561626D-0FBE-4F1A-B492-75F47EFA1EFF}.Release|x64.ActiveCfg = Release|x64
		{C561626D-0FBE-4F1A-B492-75F47EFA1EFF}.Release|x64.Build.0 = Release|x64
		{C561626D-0FBE-4F1A-B492-75F47EFA1EFF}.Release|x86.ActiveCfg = Release|x64
		{C561626D-0FBE-4F1A-B492-75F47EFA1EFF}.Release|x86.Build.0 = Release|x64
		{C9056C66-2232-4AAB-A8A1-820A24DC1937}.Debug|Any CPU.ActiveCfg = Debug|x64
		{C9056C66-2232-4AAB-A8A1-820A24DC1937}.Debug|Any CPU.Build.0 = Debug|x64
		{C9056C66-2232-4AAB-A8A1-820A24DC1937}.Debug|arm64.ActiveCfg = Debug|x64
		{C9056C66-2232-4AAB-A8A1-820A24DC1937}.Debug|arm64.Build.0 = Debug|x64
		{C9056C66-2232-4AAB-A8A1-820A24DC1937}.Debug|x64.ActiveCfg = Debug|x64
		{C9056C66-2232-4AAB-A8A1-820A24DC1937}.Debug|x64.Build.0 = Debug|x64
		{C9056C66-2232-4AAB-A8A1-820A24DC1937}.Debug|x86.ActiveCfg = Debug|x64
		{C9056C66-2232-4AAB-A8A1-820A24DC1937}.Debug|x86.Build.0 = Debug|x64
		{C9056C66-2232-4AAB-A8A1-820A24DC1937}.Release|Any CPU.ActiveCfg = Release|x64
		{C9056C66-2232-4AAB-A8A1-820A24DC1937}.Release|Any CPU.Build.0 = Release|x64
		{C9056C66-2232-4AAB-A8A1-820A24DC1937}.Release|arm64.ActiveCfg = Release|x64
		{C9056C66-2232-4AAB-A8A1-820A24DC1937}.Release|arm64.Build.0 = Release|x64
		{C9056C66-2232-4AAB-A8A1-820A24DC1937}.Release|x64.ActiveCfg = Release|x64
		{C9056C66-2232-4AAB-A8A1-820A24DC1937}.Release|x64.Build.0 = Release|x64
		{C9056C66-2232-4AAB-A8A1-820A24DC1937}.Release|x86.ActiveCfg = Release|x64
		{C9056C66-2232-4AAB-A8A1-820A24DC1937}.Release|x86.Build.0 = Release|x64
		{9921C369-B2F6-4F6F-9061-130ED9D0E4DE}.Debug|Any CPU.ActiveCfg = Debug|x64
		{9921C369-B2F6-4F6F-9061-130ED9D0E4DE}.Debug|Any CPU.Build.0 = Debug|x64
		{9921C369-B2F6-4F6F-9061-130ED9D0E4DE}.Debug|arm64.ActiveCfg = Debug|x64
		{9921C369-B2F6-4F6F-9061-130ED9D0E4DE}.Debug|arm64.Build.0 = Debug|x64
		{9921C369-B2F6-4F6F-9061-130ED9D0E4DE}.Debug|x64.ActiveCfg = Debug|x64
		{9921C369-B2F6-4F6F-9061-130ED9D0E4DE}.Debug|x64.Build.0 = Debug|x64
		{9921C369-B2F6-4F6F-9061-130ED9D0E4DE}.Debug|x86.ActiveCfg = Debug|x64
		{9921C369-B2F6-4F6F-9061-130ED9D0E4DE}.Debug|x86.Build.0 = Debug|x64
		{9921C369-B2F6-4F6F-9061-130ED9D0E4DE}.Release|Any CPU.ActiveCfg = Release|x64
		{9921C369-B2F6-4F6F-9061-130ED9D0E4DE}.Release|Any CPU.Build.0 = Release|x64
		{9921C369-B2F6-4F6F-9061-130ED9D0E4DE}.Release|arm64.ActiveCfg = Release|x64
		{9921C369-B2F6-4F6F-9061-130ED9D0E4DE}.Release|arm64.Build.0 = Release|x64
		{9921C369-B2F6-4F6F-9061-130ED9D0E4DE}.Release|x64.ActiveCfg = Release|x64
		{9921C369-B2F6-4F6F-9061-130ED9D0E4DE}.Release|x64.Build.0 = Release|x64
		{9921C369-B2F6-4F6F-9061-130ED9D0E4DE}.Release|x86.ActiveCfg = Release|x64
		{9921C369-B2F6-4F6F-9061-130ED9D0E4DE}.Release|x86.Build.0 = Release|x64
	EndGlobalSection
	GlobalSection(SolutionProperties) = preSolution
		HideSolutionNode = FALSE
	EndGlobalSection
	GlobalSection(ExtensibilityGlobals) = postSolution
		SolutionGuid = {5BDAAB04-CCB3-44F1-9A72-A6774BF3CF03}
	EndGlobalSection
EndGlobal
