
Microsoft Visual Studio Solution File, Format Version 12.00
# Visual Studio Version 17
VisualStudioVersion = 17.14.36127.28
MinimumVisualStudioVersion = 10.0.40219.1
Project("{8BC9CEB8-8B4A-11D0-8D11-00A0C91BC942}") = "qlogicae", "qlogicae\qlogicae.vcxproj", "{3C8B3E29-53C2-40B3-8836-EF190B1013E4}"
EndProject
Project("{8BC9CEB8-8B4A-11D0-8D11-00A0C91BC942}") = "qlogicae_generic_test", "qlogicae_generic_google_test\qlogicae_generic_google_test.vcxproj", "{40CDA220-F715-46D1-8280-A37F02212053}"
EndProject
Project("{8BC9CEB8-8B4A-11D0-8D11-00A0C91BC942}") = "qlogicae_generic_sandbox", "qlogicae_generic_sandbox\qlogicae_generic_sandbox.vcxproj", "{7C5CA3C8-D362-4C9C-BC6C-40426F6CF446}"
EndProject
Project("{8BC9CEB8-8B4A-11D0-8D11-00A0C91BC942}") = "qlogicae_generic_benchmarks", "qlogicae_generic_benchmarks\qlogicae_generic_benchmarks.vcxproj", "{074102E4-886E-46DF-A2AE-76C98C3E3BF8}"
EndProject
Project("{8BC9CEB8-8B4A-11D0-8D11-00A0C91BC942}") = "qlogicae_core", "..\qlogicae_core\qlogicae_core\qlogicae_core.vcxproj", "{07F44EB2-776B-4BB0-B462-589523A3D3F3}"
EndProject
Project("{8BC9CEB8-8B4A-11D0-8D11-00A0C91BC942}") = "qlogicae_plotica", "..\qlogicae_plotica\qlogicae_plotica\qlogicae_plotica.vcxproj", "{BD70CBB4-BA38-4F14-AA9A-8C501C946245}"
EndProject
Project("{8BC9CEB8-8B4A-11D0-8D11-00A0C91BC942}") = "qlogicae_generic_console", "qlogicae_generic_console\qlogicae_generic_console.vcxproj", "{E39FB9D3-B3E4-4041-B22B-F1A3F473DB14}"
	ProjectSection(ProjectDependencies) = postProject
		{07F44EB2-776B-4BB0-B462-589523A3D3F3} = {07F44EB2-776B-4BB0-B462-589523A3D3F3}
	EndProjectSection
EndProject
Project("{8BC9CEB8-8B4A-11D0-8D11-00A0C91BC942}") = "qlogicae_generic_static_library", "qlogicae_generic_static_library\qlogicae_generic_static_library.vcxproj", "{44DA86C5-4612-45CC-B2B8-6CCD143B51FD}"
	ProjectSection(ProjectDependencies) = postProject
		{07F44EB2-776B-4BB0-B462-589523A3D3F3} = {07F44EB2-776B-4BB0-B462-589523A3D3F3}
	EndProjectSection
EndProject
Project("{8BC9CEB8-8B4A-11D0-8D11-00A0C91BC942}") = "qlogicae_cogita", "..\qlogicae_cogita\qlogicae_cogita\qlogicae_cogita.vcxproj", "{86A538FC-6F24-4FBA-B374-CAE6D98DFE7C}"
EndProject
Project("{8BC9CEB8-8B4A-11D0-8D11-00A0C91BC942}") = "qlogicae_generic_qt_gui", "qlogicae_generic_qt_gui\qlogicae_generic_qt_gui.vcxproj", "{C561626D-0FBE-4F1A-B492-75F47EFA1EFF}"
EndProject
Project("{8BC9CEB8-8B4A-11D0-8D11-00A0C91BC942}") = "qlogicae_cli", "..\qlogicae-cli\qlogicae_cli\qlogicae_cli.vcxproj", "{F1E3599F-EE3D-4B74-811F-2F099DF27A6A}"
EndProject
Project("{8BC9CEB8-8B4A-11D0-8D11-00A0C91BC942}") = "qlogicae_plotica_sandbox", "..\qlogicae_plotica\qlogicae_plotica_sandbox\qlogicae_plotica_sandbox.vcxproj", "{814EAEE7-535F-4A46-B9A2-C6B2EC6AD9B4}"
EndProject
Global
	GlobalSection(SolutionConfigurationPlatforms) = preSolution
		Debug|x64 = Debug|x64
		Debug|x86 = Debug|x86
		Release|x64 = Release|x64
		Release|x86 = Release|x86
	EndGlobalSection
	GlobalSection(ProjectConfigurationPlatforms) = postSolution
		{3C8B3E29-53C2-40B3-8836-EF190B1013E4}.Debug|x64.ActiveCfg = Debug|x64
		{3C8B3E29-53C2-40B3-8836-EF190B1013E4}.Debug|x64.Build.0 = Debug|x64
		{3C8B3E29-53C2-40B3-8836-EF190B1013E4}.Debug|x86.ActiveCfg = Debug|Win32
		{3C8B3E29-53C2-40B3-8836-EF190B1013E4}.Debug|x86.Build.0 = Debug|Win32
		{3C8B3E29-53C2-40B3-8836-EF190B1013E4}.Release|x64.ActiveCfg = Release|x64
		{3C8B3E29-53C2-40B3-8836-EF190B1013E4}.Release|x64.Build.0 = Release|x64
		{3C8B3E29-53C2-40B3-8836-EF190B1013E4}.Release|x86.ActiveCfg = Release|Win32
		{3C8B3E29-53C2-40B3-8836-EF190B1013E4}.Release|x86.Build.0 = Release|Win32
		{40CDA220-F715-46D1-8280-A37F02212053}.Debug|x64.ActiveCfg = Debug|x64
		{40CDA220-F715-46D1-8280-A37F02212053}.Debug|x64.Build.0 = Debug|x64
		{40CDA220-F715-46D1-8280-A37F02212053}.Debug|x86.ActiveCfg = Debug|Win32
		{40CDA220-F715-46D1-8280-A37F02212053}.Debug|x86.Build.0 = Debug|Win32
		{40CDA220-F715-46D1-8280-A37F02212053}.Release|x64.ActiveCfg = Release|x64
		{40CDA220-F715-46D1-8280-A37F02212053}.Release|x64.Build.0 = Release|x64
		{40CDA220-F715-46D1-8280-A37F02212053}.Release|x86.ActiveCfg = Release|Win32
		{40CDA220-F715-46D1-8280-A37F02212053}.Release|x86.Build.0 = Release|Win32
		{7C5CA3C8-D362-4C9C-BC6C-40426F6CF446}.Debug|x64.ActiveCfg = Debug|x64
		{7C5CA3C8-D362-4C9C-BC6C-40426F6CF446}.Debug|x64.Build.0 = Debug|x64
		{7C5CA3C8-D362-4C9C-BC6C-40426F6CF446}.Debug|x86.ActiveCfg = Debug|Win32
		{7C5CA3C8-D362-4C9C-BC6C-40426F6CF446}.Debug|x86.Build.0 = Debug|Win32
		{7C5CA3C8-D362-4C9C-BC6C-40426F6CF446}.Release|x64.ActiveCfg = Release|x64
		{7C5CA3C8-D362-4C9C-BC6C-40426F6CF446}.Release|x64.Build.0 = Release|x64
		{7C5CA3C8-D362-4C9C-BC6C-40426F6CF446}.Release|x86.ActiveCfg = Release|Win32
		{7C5CA3C8-D362-4C9C-BC6C-40426F6CF446}.Release|x86.Build.0 = Release|Win32
		{074102E4-886E-46DF-A2AE-76C98C3E3BF8}.Debug|x64.ActiveCfg = Debug|x64
		{074102E4-886E-46DF-A2AE-76C98C3E3BF8}.Debug|x64.Build.0 = Debug|x64
		{074102E4-886E-46DF-A2AE-76C98C3E3BF8}.Debug|x86.ActiveCfg = Debug|Win32
		{074102E4-886E-46DF-A2AE-76C98C3E3BF8}.Debug|x86.Build.0 = Debug|Win32
		{074102E4-886E-46DF-A2AE-76C98C3E3BF8}.Release|x64.ActiveCfg = Release|x64
		{074102E4-886E-46DF-A2AE-76C98C3E3BF8}.Release|x64.Build.0 = Release|x64
		{074102E4-886E-46DF-A2AE-76C98C3E3BF8}.Release|x86.ActiveCfg = Release|Win32
		{074102E4-886E-46DF-A2AE-76C98C3E3BF8}.Release|x86.Build.0 = Release|Win32
		{07F44EB2-776B-4BB0-B462-589523A3D3F3}.Debug|x64.ActiveCfg = Debug|x64
		{07F44EB2-776B-4BB0-B462-589523A3D3F3}.Debug|x64.Build.0 = Debug|x64
		{07F44EB2-776B-4BB0-B462-589523A3D3F3}.Debug|x86.ActiveCfg = Debug|Win32
		{07F44EB2-776B-4BB0-B462-589523A3D3F3}.Debug|x86.Build.0 = Debug|Win32
		{07F44EB2-776B-4BB0-B462-589523A3D3F3}.Release|x64.ActiveCfg = Release|x64
		{07F44EB2-776B-4BB0-B462-589523A3D3F3}.Release|x64.Build.0 = Release|x64
		{07F44EB2-776B-4BB0-B462-589523A3D3F3}.Release|x86.ActiveCfg = Release|Win32
		{07F44EB2-776B-4BB0-B462-589523A3D3F3}.Release|x86.Build.0 = Release|Win32
		{BD70CBB4-BA38-4F14-AA9A-8C501C946245}.Debug|x64.ActiveCfg = Debug|x64
		{BD70CBB4-BA38-4F14-AA9A-8C501C946245}.Debug|x64.Build.0 = Debug|x64
		{BD70CBB4-BA38-4F14-AA9A-8C501C946245}.Debug|x86.ActiveCfg = Debug|Win32
		{BD70CBB4-BA38-4F14-AA9A-8C501C946245}.Debug|x86.Build.0 = Debug|Win32
		{BD70CBB4-BA38-4F14-AA9A-8C501C946245}.Release|x64.ActiveCfg = Release|x64
		{BD70CBB4-BA38-4F14-AA9A-8C501C946245}.Release|x64.Build.0 = Release|x64
		{BD70CBB4-BA38-4F14-AA9A-8C501C946245}.Release|x86.ActiveCfg = Release|Win32
		{BD70CBB4-BA38-4F14-AA9A-8C501C946245}.Release|x86.Build.0 = Release|Win32
		{E39FB9D3-B3E4-4041-B22B-F1A3F473DB14}.Debug|x64.ActiveCfg = Debug|x64
		{E39FB9D3-B3E4-4041-B22B-F1A3F473DB14}.Debug|x64.Build.0 = Debug|x64
		{E39FB9D3-B3E4-4041-B22B-F1A3F473DB14}.Debug|x86.ActiveCfg = Debug|Win32
		{E39FB9D3-B3E4-4041-B22B-F1A3F473DB14}.Debug|x86.Build.0 = Debug|Win32
		{E39FB9D3-B3E4-4041-B22B-F1A3F473DB14}.Release|x64.ActiveCfg = Release|x64
		{E39FB9D3-B3E4-4041-B22B-F1A3F473DB14}.Release|x64.Build.0 = Release|x64
		{E39FB9D3-B3E4-4041-B22B-F1A3F473DB14}.Release|x86.ActiveCfg = Release|Win32
		{E39FB9D3-B3E4-4041-B22B-F1A3F473DB14}.Release|x86.Build.0 = Release|Win32
		{44DA86C5-4612-45CC-B2B8-6CCD143B51FD}.Debug|x64.ActiveCfg = Debug|x64
		{44DA86C5-4612-45CC-B2B8-6CCD143B51FD}.Debug|x64.Build.0 = Debug|x64
		{44DA86C5-4612-45CC-B2B8-6CCD143B51FD}.Debug|x86.ActiveCfg = Debug|Win32
		{44DA86C5-4612-45CC-B2B8-6CCD143B51FD}.Debug|x86.Build.0 = Debug|Win32
		{44DA86C5-4612-45CC-B2B8-6CCD143B51FD}.Release|x64.ActiveCfg = Release|x64
		{44DA86C5-4612-45CC-B2B8-6CCD143B51FD}.Release|x64.Build.0 = Release|x64
		{44DA86C5-4612-45CC-B2B8-6CCD143B51FD}.Release|x86.ActiveCfg = Release|Win32
		{44DA86C5-4612-45CC-B2B8-6CCD143B51FD}.Release|x86.Build.0 = Release|Win32
		{86A538FC-6F24-4FBA-B374-CAE6D98DFE7C}.Debug|x64.ActiveCfg = Debug|x64
		{86A538FC-6F24-4FBA-B374-CAE6D98DFE7C}.Debug|x64.Build.0 = Debug|x64
		{86A538FC-6F24-4FBA-B374-CAE6D98DFE7C}.Debug|x86.ActiveCfg = Debug|x64
		{86A538FC-6F24-4FBA-B374-CAE6D98DFE7C}.Debug|x86.Build.0 = Debug|x64
		{86A538FC-6F24-4FBA-B374-CAE6D98DFE7C}.Release|x64.ActiveCfg = Release|x64
		{86A538FC-6F24-4FBA-B374-CAE6D98DFE7C}.Release|x64.Build.0 = Release|x64
		{86A538FC-6F24-4FBA-B374-CAE6D98DFE7C}.Release|x86.ActiveCfg = Release|x64
		{86A538FC-6F24-4FBA-B374-CAE6D98DFE7C}.Release|x86.Build.0 = Release|x64
		{C561626D-0FBE-4F1A-B492-75F47EFA1EFF}.Debug|x64.ActiveCfg = Debug|x64
		{C561626D-0FBE-4F1A-B492-75F47EFA1EFF}.Debug|x64.Build.0 = Debug|x64
		{C561626D-0FBE-4F1A-B492-75F47EFA1EFF}.Debug|x86.ActiveCfg = Debug|x64
		{C561626D-0FBE-4F1A-B492-75F47EFA1EFF}.Debug|x86.Build.0 = Debug|x64
		{C561626D-0FBE-4F1A-B492-75F47EFA1EFF}.Release|x64.ActiveCfg = Release|x64
		{C561626D-0FBE-4F1A-B492-75F47EFA1EFF}.Release|x64.Build.0 = Release|x64
		{C561626D-0FBE-4F1A-B492-75F47EFA1EFF}.Release|x86.ActiveCfg = Release|x64
		{C561626D-0FBE-4F1A-B492-75F47EFA1EFF}.Release|x86.Build.0 = Release|x64
		{F1E3599F-EE3D-4B74-811F-2F099DF27A6A}.Debug|x64.ActiveCfg = Debug|x64
		{F1E3599F-EE3D-4B74-811F-2F099DF27A6A}.Debug|x64.Build.0 = Debug|x64
		{F1E3599F-EE3D-4B74-811F-2F099DF27A6A}.Debug|x86.ActiveCfg = Debug|Win32
		{F1E3599F-EE3D-4B74-811F-2F099DF27A6A}.Debug|x86.Build.0 = Debug|Win32
		{F1E3599F-EE3D-4B74-811F-2F099DF27A6A}.Release|x64.ActiveCfg = Release|x64
		{F1E3599F-EE3D-4B74-811F-2F099DF27A6A}.Release|x64.Build.0 = Release|x64
		{F1E3599F-EE3D-4B74-811F-2F099DF27A6A}.Release|x86.ActiveCfg = Release|Win32
		{F1E3599F-EE3D-4B74-811F-2F099DF27A6A}.Release|x86.Build.0 = Release|Win32
		{814EAEE7-535F-4A46-B9A2-C6B2EC6AD9B4}.Debug|x64.ActiveCfg = Debug|x64
		{814EAEE7-535F-4A46-B9A2-C6B2EC6AD9B4}.Debug|x64.Build.0 = Debug|x64
		{814EAEE7-535F-4A46-B9A2-C6B2EC6AD9B4}.Debug|x86.ActiveCfg = Debug|Win32
		{814EAEE7-535F-4A46-B9A2-C6B2EC6AD9B4}.Debug|x86.Build.0 = Debug|Win32
		{814EAEE7-535F-4A46-B9A2-C6B2EC6AD9B4}.Release|x64.ActiveCfg = Release|x64
		{814EAEE7-535F-4A46-B9A2-C6B2EC6AD9B4}.Release|x64.Build.0 = Release|x64
		{814EAEE7-535F-4A46-B9A2-C6B2EC6AD9B4}.Release|x86.ActiveCfg = Release|Win32
		{814EAEE7-535F-4A46-B9A2-C6B2EC6AD9B4}.Release|x86.Build.0 = Release|Win32
	EndGlobalSection
	GlobalSection(SolutionProperties) = preSolution
		HideSolutionNode = FALSE
	EndGlobalSection
	GlobalSection(ExtensibilityGlobals) = postSolution
		SolutionGuid = {5BDAAB04-CCB3-44F1-9A72-A6774BF3CF03}
	EndGlobalSection
EndGlobal
